
Microsoft Visual Studio Solution File, Format Version 12.00
# Visual Studio Version 16
VisualStudioVersion = 16.0.30611.23
MinimumVisualStudioVersion = 10.0.40219.1
Project("{8BC9CEB8-8B4A-11D0-8D11-00A0C91BC942}") = "task22", "task22.vcxproj", "{BA718FCF-D6B5-4FAB-B394-F8DF9A27F3A6}"
EndProject
Global
	GlobalSection(SolutionConfigurationPlatforms) = preSolution
		Debug|x64 = Debug|x64
		Debug|x86 = Debug|x86
		Release|x64 = Release|x64
		Release|x86 = Release|x86
	EndGlobalSection
	GlobalSection(ProjectConfigurationPlatforms) = postSolution
		{BA718FCF-D6B5-4FAB-B394-F8DF9A27F3A6}.Debug|x64.ActiveCfg = Debug|x64
		{BA718FCF-D6B5-4FAB-B394-F8DF9A27F3A6}.Debug|x64.Build.0 = Debug|x64
		{BA718FCF-D6B5-4FAB-B394-F8DF9A27F3A6}.Debug|x86.ActiveCfg = Debug|Win32
		{BA718FCF-D6B5-4FAB-B394-F8DF9A27F3A6}.Debug|x86.Build.0 = Debug|Win32
		{BA718FCF-D6B5-4FAB-B394-F8DF9A27F3A6}.Release|x64.ActiveCfg = Release|x64
		{BA718FCF-D6B5-4FAB-B394-F8DF9A27F3A6}.Release|x64.Build.0 = Release|x64
		{BA718FCF-D6B5-4FAB-B394-F8DF9A27F3A6}.Release|x86.ActiveCfg = Release|Win32
		{BA718FCF-D6B5-4FAB-B394-F8DF9A27F3A6}.Release|x86.Build.0 = Release|Win32
	EndGlobalSection
	GlobalSection(SolutionProperties) = preSolution
		HideSolutionNode = FALSE
	EndGlobalSection
	GlobalSection(ExtensibilityGlobals) = postSolution
		SolutionGuid = {ADFB02ED-2F01-485F-901D-E4E2FC6054FC}
	EndGlobalSection
EndGlobal
