
Microsoft Visual Studio Solution File, Format Version 12.00
# Visual Studio Version 16
VisualStudioVersion = 16.0.30711.63
MinimumVisualStudioVersion = 10.0.40219.1
Project("{888888A0-9F3D-457C-B088-3A5042F75D52}") = "client", "client.pyproj", "{AEFF7A62-6D52-4299-9584-25FE30C8DC95}"
EndProject
Global
	GlobalSection(SolutionConfigurationPlatforms) = preSolution
		Debug|Any CPU = Debug|Any CPU
		Release|Any CPU = Release|Any CPU
	EndGlobalSection
	GlobalSection(ProjectConfigurationPlatforms) = postSolution
		{AEFF7A62-6D52-4299-9584-25FE30C8DC95}.Debug|Any CPU.ActiveCfg = Debug|Any CPU
		{AEFF7A62-6D52-4299-9584-25FE30C8DC95}.Release|Any CPU.ActiveCfg = Release|Any CPU
	EndGlobalSection
	GlobalSection(SolutionProperties) = preSolution
		HideSolutionNode = FALSE
	EndGlobalSection
	GlobalSection(ExtensibilityGlobals) = postSolution
		SolutionGuid = {6962F263-C9D1-4950-B46B-987F74B84DB2}
	EndGlobalSection
EndGlobal
