
Microsoft Visual Studio Solution File, Format Version 12.00
# Visual Studio Version 16
VisualStudioVersion = 16.0.30611.23
MinimumVisualStudioVersion = 10.0.40219.1
Project("{8BC9CEB8-8B4A-11D0-8D11-00A0C91BC942}") = "task21", "task21.vcxproj", "{799908BF-8679-4D76-B1CE-668D30B2FEE6}"
EndProject
Global
	GlobalSection(SolutionConfigurationPlatforms) = preSolution
		Debug|x64 = Debug|x64
		Debug|x86 = Debug|x86
		Release|x64 = Release|x64
		Release|x86 = Release|x86
	EndGlobalSection
	GlobalSection(ProjectConfigurationPlatforms) = postSolution
		{799908BF-8679-4D76-B1CE-668D30B2FEE6}.Debug|x64.ActiveCfg = Debug|x64
		{799908BF-8679-4D76-B1CE-668D30B2FEE6}.Debug|x64.Build.0 = Debug|x64
		{799908BF-8679-4D76-B1CE-668D30B2FEE6}.Debug|x86.ActiveCfg = Debug|Win32
		{799908BF-8679-4D76-B1CE-668D30B2FEE6}.Debug|x86.Build.0 = Debug|Win32
		{799908BF-8679-4D76-B1CE-668D30B2FEE6}.Release|x64.ActiveCfg = Release|x64
		{799908BF-8679-4D76-B1CE-668D30B2FEE6}.Release|x64.Build.0 = Release|x64
		{799908BF-8679-4D76-B1CE-668D30B2FEE6}.Release|x86.ActiveCfg = Release|Win32
		{799908BF-8679-4D76-B1CE-668D30B2FEE6}.Release|x86.Build.0 = Release|Win32
	EndGlobalSection
	GlobalSection(SolutionProperties) = preSolution
		HideSolutionNode = FALSE
	EndGlobalSection
	GlobalSection(ExtensibilityGlobals) = postSolution
		SolutionGuid = {4AF4840D-7D83-4789-9A45-41AF77CAA3F0}
	EndGlobalSection
EndGlobal
